
Microsoft Visual Studio Solution File, Format Version 12.00
# Visual Studio Version 17
VisualStudioVersion = 17.5.002.0
MinimumVisualStudioVersion = 10.0.40219.1
Project("{9A19103F-16F7-4668-BE54-9A1E7A4F7556}") = "ParkingLotManagement", "ParkingLotManagement.csproj", "{2B59F61C-D16F-4C04-BBD4-B8BFC1B0D070}"
EndProject
Global
	GlobalSection(SolutionConfigurationPlatforms) = preSolution
		Debug|Any CPU = Debug|Any CPU
		Release|Any CPU = Release|Any CPU
	EndGlobalSection
	GlobalSection(ProjectConfigurationPlatforms) = postSolution
		{2B59F61C-D16F-4C04-BBD4-B8BFC1B0D070}.Debug|Any CPU.ActiveCfg = Debug|Any CPU
		{2B59F61C-D16F-4C04-BBD4-B8BFC1B0D070}.Debug|Any CPU.Build.0 = Debug|Any CPU
		{2B59F61C-D16F-4C04-BBD4-B8BFC1B0D070}.Release|Any CPU.ActiveCfg = Release|Any CPU
		{2B59F61C-D16F-4C04-BBD4-B8BFC1B0D070}.Release|Any CPU.Build.0 = Release|Any CPU
	EndGlobalSection
	GlobalSection(SolutionProperties) = preSolution
		HideSolutionNode = FALSE
	EndGlobalSection
	GlobalSection(ExtensibilityGlobals) = postSolution
		SolutionGuid = {E460E6A1-4EEB-4CD1-81AD-65CD6404326F}
	EndGlobalSection
EndGlobal
